
Microsoft Visual Studio Solution File, Format Version 12.00
# Visual Studio Version 17
VisualStudioVersion = 17.5.33424.131
MinimumVisualStudioVersion = 10.0.40219.1
Project("{8BC9CEB8-8B4A-11D0-8D11-00A0C91BC942}") = "001_AR47Start", "001_AR47Start\001_AR47Start.vcxproj", "{492E7552-5D03-4574-8E12-5AFE2076649C}"
EndProject
Project("{8BC9CEB8-8B4A-11D0-8D11-00A0C91BC942}") = "002_Compaile", "002_Compaile\002_Compaile.vcxproj", "{4F578B39-6010-49E7-AF9D-6266049B7797}"
EndProject
Project("{8BC9CEB8-8B4A-11D0-8D11-00A0C91BC942}") = "003_MainFunction", "003_Main\003_Main.vcxproj", "{FF350A90-268C-4EEF-9555-F2669289D7A1}"
EndProject
Project("{8BC9CEB8-8B4A-11D0-8D11-00A0C91BC942}") = "004_Var", "004_Var\004_Var.vcxproj", "{BE930E9F-C454-4FCE-9E79-75C7CB549003}"
EndProject
Project("{2150E333-8FDC-42A3-9474-1A3956D46DE8}") = "Doc", "Doc", "{B8FE043C-4E46-45C9-9E52-9722BE9667BF}"
	ProjectSection(SolutionItems) = preProject
		용어설명.txt = 용어설명.txt
	EndProjectSection
EndProject
Project("{8BC9CEB8-8B4A-11D0-8D11-00A0C91BC942}") = "005_Operator000", "005_Operator000\005_Operator000.vcxproj", "{3C9B43B2-152B-4875-B014-F81543A67D19}"
EndProject
Project("{8BC9CEB8-8B4A-11D0-8D11-00A0C91BC942}") = "006_initOrCopy", "006_initOrCopy\006_initOrCopy.vcxproj", "{9D42F774-3623-46F9-BB64-71F49EFD9F96}"
EndProject
Project("{8BC9CEB8-8B4A-11D0-8D11-00A0C91BC942}") = "007_Operator001", "007_Operator001\007_Operator001.vcxproj", "{0FAD9C86-A4AA-4AF8-9B66-5B3C83CCE330}"
EndProject
Project("{8BC9CEB8-8B4A-11D0-8D11-00A0C91BC942}") = "008_Bit", "008_Bit\008_Bit.vcxproj", "{25E77957-F321-4CCF-8CEC-B0BC94EB1C22}"
EndProject
Global
	GlobalSection(SolutionConfigurationPlatforms) = preSolution
		Debug|x64 = Debug|x64
		Debug|x86 = Debug|x86
		Release|x64 = Release|x64
		Release|x86 = Release|x86
	EndGlobalSection
	GlobalSection(ProjectConfigurationPlatforms) = postSolution
		{492E7552-5D03-4574-8E12-5AFE2076649C}.Debug|x64.ActiveCfg = Debug|x64
		{492E7552-5D03-4574-8E12-5AFE2076649C}.Debug|x64.Build.0 = Debug|x64
		{492E7552-5D03-4574-8E12-5AFE2076649C}.Debug|x86.ActiveCfg = Debug|Win32
		{492E7552-5D03-4574-8E12-5AFE2076649C}.Debug|x86.Build.0 = Debug|Win32
		{492E7552-5D03-4574-8E12-5AFE2076649C}.Release|x64.ActiveCfg = Release|x64
		{492E7552-5D03-4574-8E12-5AFE2076649C}.Release|x64.Build.0 = Release|x64
		{492E7552-5D03-4574-8E12-5AFE2076649C}.Release|x86.ActiveCfg = Release|Win32
		{492E7552-5D03-4574-8E12-5AFE2076649C}.Release|x86.Build.0 = Release|Win32
		{4F578B39-6010-49E7-AF9D-6266049B7797}.Debug|x64.ActiveCfg = Debug|x64
		{4F578B39-6010-49E7-AF9D-6266049B7797}.Debug|x64.Build.0 = Debug|x64
		{4F578B39-6010-49E7-AF9D-6266049B7797}.Debug|x86.ActiveCfg = Debug|Win32
		{4F578B39-6010-49E7-AF9D-6266049B7797}.Debug|x86.Build.0 = Debug|Win32
		{4F578B39-6010-49E7-AF9D-6266049B7797}.Release|x64.ActiveCfg = Release|x64
		{4F578B39-6010-49E7-AF9D-6266049B7797}.Release|x64.Build.0 = Release|x64
		{4F578B39-6010-49E7-AF9D-6266049B7797}.Release|x86.ActiveCfg = Release|Win32
		{4F578B39-6010-49E7-AF9D-6266049B7797}.Release|x86.Build.0 = Release|Win32
		{FF350A90-268C-4EEF-9555-F2669289D7A1}.Debug|x64.ActiveCfg = Debug|x64
		{FF350A90-268C-4EEF-9555-F2669289D7A1}.Debug|x64.Build.0 = Debug|x64
		{FF350A90-268C-4EEF-9555-F2669289D7A1}.Debug|x86.ActiveCfg = Debug|Win32
		{FF350A90-268C-4EEF-9555-F2669289D7A1}.Debug|x86.Build.0 = Debug|Win32
		{FF350A90-268C-4EEF-9555-F2669289D7A1}.Release|x64.ActiveCfg = Release|x64
		{FF350A90-268C-4EEF-9555-F2669289D7A1}.Release|x64.Build.0 = Release|x64
		{FF350A90-268C-4EEF-9555-F2669289D7A1}.Release|x86.ActiveCfg = Release|Win32
		{FF350A90-268C-4EEF-9555-F2669289D7A1}.Release|x86.Build.0 = Release|Win32
		{BE930E9F-C454-4FCE-9E79-75C7CB549003}.Debug|x64.ActiveCfg = Debug|x64
		{BE930E9F-C454-4FCE-9E79-75C7CB549003}.Debug|x64.Build.0 = Debug|x64
		{BE930E9F-C454-4FCE-9E79-75C7CB549003}.Debug|x86.ActiveCfg = Debug|Win32
		{BE930E9F-C454-4FCE-9E79-75C7CB549003}.Debug|x86.Build.0 = Debug|Win32
		{BE930E9F-C454-4FCE-9E79-75C7CB549003}.Release|x64.ActiveCfg = Release|x64
		{BE930E9F-C454-4FCE-9E79-75C7CB549003}.Release|x64.Build.0 = Release|x64
		{BE930E9F-C454-4FCE-9E79-75C7CB549003}.Release|x86.ActiveCfg = Release|Win32
		{BE930E9F-C454-4FCE-9E79-75C7CB549003}.Release|x86.Build.0 = Release|Win32
		{3C9B43B2-152B-4875-B014-F81543A67D19}.Debug|x64.ActiveCfg = Debug|x64
		{3C9B43B2-152B-4875-B014-F81543A67D19}.Debug|x64.Build.0 = Debug|x64
		{3C9B43B2-152B-4875-B014-F81543A67D19}.Debug|x86.ActiveCfg = Debug|Win32
		{3C9B43B2-152B-4875-B014-F81543A67D19}.Debug|x86.Build.0 = Debug|Win32
		{3C9B43B2-152B-4875-B014-F81543A67D19}.Release|x64.ActiveCfg = Release|x64
		{3C9B43B2-152B-4875-B014-F81543A67D19}.Release|x64.Build.0 = Release|x64
		{3C9B43B2-152B-4875-B014-F81543A67D19}.Release|x86.ActiveCfg = Release|Win32
		{3C9B43B2-152B-4875-B014-F81543A67D19}.Release|x86.Build.0 = Release|Win32
		{9D42F774-3623-46F9-BB64-71F49EFD9F96}.Debug|x64.ActiveCfg = Debug|x64
		{9D42F774-3623-46F9-BB64-71F49EFD9F96}.Debug|x64.Build.0 = Debug|x64
		{9D42F774-3623-46F9-BB64-71F49EFD9F96}.Debug|x86.ActiveCfg = Debug|Win32
		{9D42F774-3623-46F9-BB64-71F49EFD9F96}.Debug|x86.Build.0 = Debug|Win32
		{9D42F774-3623-46F9-BB64-71F49EFD9F96}.Release|x64.ActiveCfg = Release|x64
		{9D42F774-3623-46F9-BB64-71F49EFD9F96}.Release|x64.Build.0 = Release|x64
		{9D42F774-3623-46F9-BB64-71F49EFD9F96}.Release|x86.ActiveCfg = Release|Win32
		{9D42F774-3623-46F9-BB64-71F49EFD9F96}.Release|x86.Build.0 = Release|Win32
		{0FAD9C86-A4AA-4AF8-9B66-5B3C83CCE330}.Debug|x64.ActiveCfg = Debug|x64
		{0FAD9C86-A4AA-4AF8-9B66-5B3C83CCE330}.Debug|x64.Build.0 = Debug|x64
		{0FAD9C86-A4AA-4AF8-9B66-5B3C83CCE330}.Debug|x86.ActiveCfg = Debug|Win32
		{0FAD9C86-A4AA-4AF8-9B66-5B3C83CCE330}.Debug|x86.Build.0 = Debug|Win32
		{0FAD9C86-A4AA-4AF8-9B66-5B3C83CCE330}.Release|x64.ActiveCfg = Release|x64
		{0FAD9C86-A4AA-4AF8-9B66-5B3C83CCE330}.Release|x64.Build.0 = Release|x64
		{0FAD9C86-A4AA-4AF8-9B66-5B3C83CCE330}.Release|x86.ActiveCfg = Release|Win32
		{0FAD9C86-A4AA-4AF8-9B66-5B3C83CCE330}.Release|x86.Build.0 = Release|Win32
		{25E77957-F321-4CCF-8CEC-B0BC94EB1C22}.Debug|x64.ActiveCfg = Debug|x64
		{25E77957-F321-4CCF-8CEC-B0BC94EB1C22}.Debug|x64.Build.0 = Debug|x64
		{25E77957-F321-4CCF-8CEC-B0BC94EB1C22}.Debug|x86.ActiveCfg = Debug|Win32
		{25E77957-F321-4CCF-8CEC-B0BC94EB1C22}.Debug|x86.Build.0 = Debug|Win32
		{25E77957-F321-4CCF-8CEC-B0BC94EB1C22}.Release|x64.ActiveCfg = Release|x64
		{25E77957-F321-4CCF-8CEC-B0BC94EB1C22}.Release|x64.Build.0 = Release|x64
		{25E77957-F321-4CCF-8CEC-B0BC94EB1C22}.Release|x86.ActiveCfg = Release|Win32
		{25E77957-F321-4CCF-8CEC-B0BC94EB1C22}.Release|x86.Build.0 = Release|Win32
	EndGlobalSection
	GlobalSection(SolutionProperties) = preSolution
		HideSolutionNode = FALSE
	EndGlobalSection
	GlobalSection(ExtensibilityGlobals) = postSolution
		SolutionGuid = {E03DAD5D-BC2B-44E5-8F28-89C6B44E410B}
	EndGlobalSection
EndGlobal
